// !$*UTF8*$!
{
	archiveVersion = 1;
	classes = {
	};
	objectVersion = 55;
	objects = {

/* Begin PBXBuildFile section */
		A52783E427B2AD38007ECF1B /* ContaxtApp.swift in Sources */ = {isa = PBXBuildFile; fileRef = A52783E327B2AD38007ECF1B /* ContaxtApp.swift */; };
		A52783E627B2AD38007ECF1B /* ContentView.swift in Sources */ = {isa = PBXBuildFile; fileRef = A52783E527B2AD38007ECF1B /* ContentView.swift */; };
		A52783E827B2AD38007ECF1B /* Assets.xcassets in Resources */ = {isa = PBXBuildFile; fileRef = A52783E727B2AD38007ECF1B /* Assets.xcassets */; };
		A52783EB27B2AD38007ECF1B /* Preview Assets.xcassets in Resources */ = {isa = PBXBuildFile; fileRef = A52783EA27B2AD38007ECF1B /* Preview Assets.xcassets */; };
		A52783EF27B2AD38007ECF1B /* Contaxt WatchKit App.app in Embed Watch Content */ = {isa = PBXBuildFile; fileRef = A52783EE27B2AD38007ECF1B /* Contaxt WatchKit App.app */; settings = {ATTRIBUTES = (RemoveHeadersOnCopy, ); }; };
		A52783F427B2AD39007ECF1B /* Assets.xcassets in Resources */ = {isa = PBXBuildFile; fileRef = A52783F327B2AD39007ECF1B /* Assets.xcassets */; };
		A52783FA27B2AD39007ECF1B /* Contaxt WatchKit Extension.appex in Embed App Extensions */ = {isa = PBXBuildFile; fileRef = A52783F927B2AD39007ECF1B /* Contaxt WatchKit Extension.appex */; settings = {ATTRIBUTES = (RemoveHeadersOnCopy, ); }; };
		A52783FF27B2AD39007ECF1B /* ContaxtApp.swift in Sources */ = {isa = PBXBuildFile; fileRef = A52783FE27B2AD39007ECF1B /* ContaxtApp.swift */; };
		A527840127B2AD39007ECF1B /* ContentView.swift in Sources */ = {isa = PBXBuildFile; fileRef = A527840027B2AD39007ECF1B /* ContentView.swift */; };
		A527840327B2AD39007ECF1B /* NotificationController.swift in Sources */ = {isa = PBXBuildFile; fileRef = A527840227B2AD39007ECF1B /* NotificationController.swift */; };
		A527840527B2AD39007ECF1B /* NotificationView.swift in Sources */ = {isa = PBXBuildFile; fileRef = A527840427B2AD39007ECF1B /* NotificationView.swift */; };
		A527840727B2AD39007ECF1B /* ComplicationController.swift in Sources */ = {isa = PBXBuildFile; fileRef = A527840627B2AD39007ECF1B /* ComplicationController.swift */; };
		A527840927B2AD3A007ECF1B /* Assets.xcassets in Resources */ = {isa = PBXBuildFile; fileRef = A527840827B2AD3A007ECF1B /* Assets.xcassets */; };
		A527840C27B2AD3A007ECF1B /* Preview Assets.xcassets in Resources */ = {isa = PBXBuildFile; fileRef = A527840B27B2AD3A007ECF1B /* Preview Assets.xcassets */; };
		A527841D27B2AE17007ECF1B /* GoogleService-Info.plist in Resources */ = {isa = PBXBuildFile; fileRef = A527841C27B2AE17007ECF1B /* GoogleService-Info.plist */; };
		A527842027B2AF4D007ECF1B /* FirebaseAnalytics in Frameworks */ = {isa = PBXBuildFile; productRef = A527841F27B2AF4D007ECF1B /* FirebaseAnalytics */; };
		A527842227B2AF4D007ECF1B /* FirebaseAuth in Frameworks */ = {isa = PBXBuildFile; productRef = A527842127B2AF4D007ECF1B /* FirebaseAuth */; };
		A527842427B2AF4D007ECF1B /* FirebaseFirestore in Frameworks */ = {isa = PBXBuildFile; productRef = A527842327B2AF4D007ECF1B /* FirebaseFirestore */; };
		A527842627B2AF4D007ECF1B /* FirebaseFirestoreSwift-Beta in Frameworks */ = {isa = PBXBuildFile; productRef = A527842527B2AF4D007ECF1B /* FirebaseFirestoreSwift-Beta */; };
		A527842C27B2B472007ECF1B /* ContentViewModel.swift in Sources */ = {isa = PBXBuildFile; fileRef = A527842B27B2B472007ECF1B /* ContentViewModel.swift */; };
		A527842E27B2B51F007ECF1B /* UserType.swift in Sources */ = {isa = PBXBuildFile; fileRef = A527842D27B2B51F007ECF1B /* UserType.swift */; };
		A527843027B2B567007ECF1B /* Constants.swift in Sources */ = {isa = PBXBuildFile; fileRef = A527842F27B2B567007ECF1B /* Constants.swift */; };
		A527843227B2B6D5007ECF1B /* LoginView.swift in Sources */ = {isa = PBXBuildFile; fileRef = A527843127B2B6D5007ECF1B /* LoginView.swift */; };
		A527843827B2B767007ECF1B /* FanHomeView.swift in Sources */ = {isa = PBXBuildFile; fileRef = A527843727B2B767007ECF1B /* FanHomeView.swift */; };
		A527843A27B2B771007ECF1B /* RefHomeView.swift in Sources */ = {isa = PBXBuildFile; fileRef = A527843927B2B771007ECF1B /* RefHomeView.swift */; };
		A5C139AA27B2FC3C003225B5 /* LoginViewModel.swift in Sources */ = {isa = PBXBuildFile; fileRef = A5C139A927B2FC3C003225B5 /* LoginViewModel.swift */; };
		A5C139AD27B32D14003225B5 /* ButtonView.swift in Sources */ = {isa = PBXBuildFile; fileRef = A5C139AC27B32D14003225B5 /* ButtonView.swift */; };
		A5C139AF27B32E5D003225B5 /* SignUpView.swift in Sources */ = {isa = PBXBuildFile; fileRef = A5C139AE27B32E5D003225B5 /* SignUpView.swift */; };
		A5C139B127B32FDB003225B5 /* Colors.swift in Sources */ = {isa = PBXBuildFile; fileRef = A5C139B027B32FDB003225B5 /* Colors.swift */; };
		A5C139B327B33274003225B5 /* ButtonType.swift in Sources */ = {isa = PBXBuildFile; fileRef = A5C139B227B33274003225B5 /* ButtonType.swift */; };
		A5C5F4B327B3441D00B44D3B /* LocalPersistence.swift in Sources */ = {isa = PBXBuildFile; fileRef = A5C5F4B227B3441D00B44D3B /* LocalPersistence.swift */; };
		A5C5F4B527B3442800B44D3B /* UserData.swift in Sources */ = {isa = PBXBuildFile; fileRef = A5C5F4B427B3442800B44D3B /* UserData.swift */; };
		A5C5F4B927B3481200B44D3B /* SensorData.swift in Sources */ = {isa = PBXBuildFile; fileRef = A5C5F4B827B3481200B44D3B /* SensorData.swift */; };
		A5C5F4BC27B34D7600B44D3B /* RecentDataListViewModel.swift in Sources */ = {isa = PBXBuildFile; fileRef = A5C5F4BB27B34D7600B44D3B /* RecentDataListViewModel.swift */; };
		A5C5F4BE27B34D8B00B44D3B /* RecentDataListView.swift in Sources */ = {isa = PBXBuildFile; fileRef = A5C5F4BD27B34D8B00B44D3B /* RecentDataListView.swift */; };
/* End PBXBuildFile section */

/* Begin PBXContainerItemProxy section */
		A52783F027B2AD38007ECF1B /* PBXContainerItemProxy */ = {
			isa = PBXContainerItemProxy;
			containerPortal = A52783D827B2AD38007ECF1B /* Project object */;
			proxyType = 1;
			remoteGlobalIDString = A52783ED27B2AD38007ECF1B;
			remoteInfo = "Contaxt WatchKit App";
		};
		A52783FB27B2AD39007ECF1B /* PBXContainerItemProxy */ = {
			isa = PBXContainerItemProxy;
			containerPortal = A52783D827B2AD38007ECF1B /* Project object */;
			proxyType = 1;
			remoteGlobalIDString = A52783F827B2AD39007ECF1B;
			remoteInfo = "Contaxt WatchKit Extension";
		};
/* End PBXContainerItemProxy section */

/* Begin PBXCopyFilesBuildPhase section */
		A527841427B2AD3A007ECF1B /* Embed App Extensions */ = {
			isa = PBXCopyFilesBuildPhase;
			buildActionMask = 2147483647;
			dstPath = "";
			dstSubfolderSpec = 13;
			files = (
				A52783FA27B2AD39007ECF1B /* Contaxt WatchKit Extension.appex in Embed App Extensions */,
			);
			name = "Embed App Extensions";
			runOnlyForDeploymentPostprocessing = 0;
		};
		A527841827B2AD3A007ECF1B /* Embed Watch Content */ = {
			isa = PBXCopyFilesBuildPhase;
			buildActionMask = 2147483647;
			dstPath = "$(CONTENTS_FOLDER_PATH)/Watch";
			dstSubfolderSpec = 16;
			files = (
				A52783EF27B2AD38007ECF1B /* Contaxt WatchKit App.app in Embed Watch Content */,
			);
			name = "Embed Watch Content";
			runOnlyForDeploymentPostprocessing = 0;
		};
/* End PBXCopyFilesBuildPhase section */

/* Begin PBXFileReference section */
		A52783E027B2AD38007ECF1B /* Contaxt.app */ = {isa = PBXFileReference; explicitFileType = wrapper.application; includeInIndex = 0; path = Contaxt.app; sourceTree = BUILT_PRODUCTS_DIR; };
		A52783E327B2AD38007ECF1B /* ContaxtApp.swift */ = {isa = PBXFileReference; lastKnownFileType = sourcecode.swift; path = ContaxtApp.swift; sourceTree = "<group>"; };
		A52783E527B2AD38007ECF1B /* ContentView.swift */ = {isa = PBXFileReference; lastKnownFileType = sourcecode.swift; path = ContentView.swift; sourceTree = "<group>"; };
		A52783E727B2AD38007ECF1B /* Assets.xcassets */ = {isa = PBXFileReference; lastKnownFileType = folder.assetcatalog; path = Assets.xcassets; sourceTree = "<group>"; };
		A52783EA27B2AD38007ECF1B /* Preview Assets.xcassets */ = {isa = PBXFileReference; lastKnownFileType = folder.assetcatalog; path = "Preview Assets.xcassets"; sourceTree = "<group>"; };
		A52783EE27B2AD38007ECF1B /* Contaxt WatchKit App.app */ = {isa = PBXFileReference; explicitFileType = wrapper.application; includeInIndex = 0; path = "Contaxt WatchKit App.app"; sourceTree = BUILT_PRODUCTS_DIR; };
		A52783F327B2AD39007ECF1B /* Assets.xcassets */ = {isa = PBXFileReference; lastKnownFileType = folder.assetcatalog; path = Assets.xcassets; sourceTree = "<group>"; };
		A52783F927B2AD39007ECF1B /* Contaxt WatchKit Extension.appex */ = {isa = PBXFileReference; explicitFileType = "wrapper.app-extension"; includeInIndex = 0; path = "Contaxt WatchKit Extension.appex"; sourceTree = BUILT_PRODUCTS_DIR; };
		A52783FE27B2AD39007ECF1B /* ContaxtApp.swift */ = {isa = PBXFileReference; lastKnownFileType = sourcecode.swift; path = ContaxtApp.swift; sourceTree = "<group>"; };
		A527840027B2AD39007ECF1B /* ContentView.swift */ = {isa = PBXFileReference; lastKnownFileType = sourcecode.swift; path = ContentView.swift; sourceTree = "<group>"; };
		A527840227B2AD39007ECF1B /* NotificationController.swift */ = {isa = PBXFileReference; lastKnownFileType = sourcecode.swift; path = NotificationController.swift; sourceTree = "<group>"; };
		A527840427B2AD39007ECF1B /* NotificationView.swift */ = {isa = PBXFileReference; lastKnownFileType = sourcecode.swift; path = NotificationView.swift; sourceTree = "<group>"; };
		A527840627B2AD39007ECF1B /* ComplicationController.swift */ = {isa = PBXFileReference; lastKnownFileType = sourcecode.swift; path = ComplicationController.swift; sourceTree = "<group>"; };
		A527840827B2AD3A007ECF1B /* Assets.xcassets */ = {isa = PBXFileReference; lastKnownFileType = folder.assetcatalog; path = Assets.xcassets; sourceTree = "<group>"; };
		A527840B27B2AD3A007ECF1B /* Preview Assets.xcassets */ = {isa = PBXFileReference; lastKnownFileType = folder.assetcatalog; path = "Preview Assets.xcassets"; sourceTree = "<group>"; };
		A527840D27B2AD3A007ECF1B /* Info.plist */ = {isa = PBXFileReference; lastKnownFileType = text.plist.xml; path = Info.plist; sourceTree = "<group>"; };
		A527840E27B2AD3A007ECF1B /* PushNotificationPayload.apns */ = {isa = PBXFileReference; lastKnownFileType = text; path = PushNotificationPayload.apns; sourceTree = "<group>"; };
		A527841C27B2AE17007ECF1B /* GoogleService-Info.plist */ = {isa = PBXFileReference; fileEncoding = 4; lastKnownFileType = text.plist.xml; path = "GoogleService-Info.plist"; sourceTree = "<group>"; };
		A527842727B2B120007ECF1B /* Info.plist */ = {isa = PBXFileReference; lastKnownFileType = text.plist; path = Info.plist; sourceTree = "<group>"; };
		A527842B27B2B472007ECF1B /* ContentViewModel.swift */ = {isa = PBXFileReference; lastKnownFileType = sourcecode.swift; path = ContentViewModel.swift; sourceTree = "<group>"; };
		A527842D27B2B51F007ECF1B /* UserType.swift */ = {isa = PBXFileReference; lastKnownFileType = sourcecode.swift; path = UserType.swift; sourceTree = "<group>"; };
		A527842F27B2B567007ECF1B /* Constants.swift */ = {isa = PBXFileReference; lastKnownFileType = sourcecode.swift; path = Constants.swift; sourceTree = "<group>"; };
		A527843127B2B6D5007ECF1B /* LoginView.swift */ = {isa = PBXFileReference; lastKnownFileType = sourcecode.swift; path = LoginView.swift; sourceTree = "<group>"; };
		A527843727B2B767007ECF1B /* FanHomeView.swift */ = {isa = PBXFileReference; lastKnownFileType = sourcecode.swift; path = FanHomeView.swift; sourceTree = "<group>"; };
		A527843927B2B771007ECF1B /* RefHomeView.swift */ = {isa = PBXFileReference; lastKnownFileType = sourcecode.swift; path = RefHomeView.swift; sourceTree = "<group>"; };
		A5C139A927B2FC3C003225B5 /* LoginViewModel.swift */ = {isa = PBXFileReference; lastKnownFileType = sourcecode.swift; path = LoginViewModel.swift; sourceTree = "<group>"; };
		A5C139AC27B32D14003225B5 /* ButtonView.swift */ = {isa = PBXFileReference; lastKnownFileType = sourcecode.swift; path = ButtonView.swift; sourceTree = "<group>"; };
		A5C139AE27B32E5D003225B5 /* SignUpView.swift */ = {isa = PBXFileReference; lastKnownFileType = sourcecode.swift; path = SignUpView.swift; sourceTree = "<group>"; };
		A5C139B027B32FDB003225B5 /* Colors.swift */ = {isa = PBXFileReference; lastKnownFileType = sourcecode.swift; path = Colors.swift; sourceTree = "<group>"; };
		A5C139B227B33274003225B5 /* ButtonType.swift */ = {isa = PBXFileReference; lastKnownFileType = sourcecode.swift; path = ButtonType.swift; sourceTree = "<group>"; };
		A5C5F4B227B3441D00B44D3B /* LocalPersistence.swift */ = {isa = PBXFileReference; fileEncoding = 4; lastKnownFileType = sourcecode.swift; path = LocalPersistence.swift; sourceTree = "<group>"; };
		A5C5F4B427B3442800B44D3B /* UserData.swift */ = {isa = PBXFileReference; fileEncoding = 4; lastKnownFileType = sourcecode.swift; path = UserData.swift; sourceTree = "<group>"; };
		A5C5F4B827B3481200B44D3B /* SensorData.swift */ = {isa = PBXFileReference; lastKnownFileType = sourcecode.swift; path = SensorData.swift; sourceTree = "<group>"; };
		A5C5F4BB27B34D7600B44D3B /* RecentDataListViewModel.swift */ = {isa = PBXFileReference; lastKnownFileType = sourcecode.swift; path = RecentDataListViewModel.swift; sourceTree = "<group>"; };
		A5C5F4BD27B34D8B00B44D3B /* RecentDataListView.swift */ = {isa = PBXFileReference; lastKnownFileType = sourcecode.swift; path = RecentDataListView.swift; sourceTree = "<group>"; };
/* End PBXFileReference section */

/* Begin PBXFrameworksBuildPhase section */
		A52783DD27B2AD38007ECF1B /* Frameworks */ = {
			isa = PBXFrameworksBuildPhase;
			buildActionMask = 2147483647;
			files = (
				A527842027B2AF4D007ECF1B /* FirebaseAnalytics in Frameworks */,
				A527842627B2AF4D007ECF1B /* FirebaseFirestoreSwift-Beta in Frameworks */,
				A527842227B2AF4D007ECF1B /* FirebaseAuth in Frameworks */,
				A527842427B2AF4D007ECF1B /* FirebaseFirestore in Frameworks */,
			);
			runOnlyForDeploymentPostprocessing = 0;
		};
		A52783F627B2AD39007ECF1B /* Frameworks */ = {
			isa = PBXFrameworksBuildPhase;
			buildActionMask = 2147483647;
			files = (
			);
			runOnlyForDeploymentPostprocessing = 0;
		};
/* End PBXFrameworksBuildPhase section */

/* Begin PBXGroup section */
		A52783D727B2AD38007ECF1B = {
			isa = PBXGroup;
			children = (
				A52783E227B2AD38007ECF1B /* Contaxt */,
				A52783F227B2AD38007ECF1B /* Contaxt WatchKit App */,
				A52783FD27B2AD39007ECF1B /* Contaxt WatchKit Extension */,
				A52783E127B2AD38007ECF1B /* Products */,
			);
			sourceTree = "<group>";
		};
		A52783E127B2AD38007ECF1B /* Products */ = {
			isa = PBXGroup;
			children = (
				A52783E027B2AD38007ECF1B /* Contaxt.app */,
				A52783EE27B2AD38007ECF1B /* Contaxt WatchKit App.app */,
				A52783F927B2AD39007ECF1B /* Contaxt WatchKit Extension.appex */,
			);
			name = Products;
			sourceTree = "<group>";
		};
		A52783E227B2AD38007ECF1B /* Contaxt */ = {
			isa = PBXGroup;
			children = (
				A527842827B2B2F1007ECF1B /* Model */,
				A527842927B2B2F7007ECF1B /* ViewModel */,
				A527842A27B2B30C007ECF1B /* View */,
				A52783E527B2AD38007ECF1B /* ContentView.swift */,
				A527842727B2B120007ECF1B /* Info.plist */,
				A52783E327B2AD38007ECF1B /* ContaxtApp.swift */,
				A52783E727B2AD38007ECF1B /* Assets.xcassets */,
				A527841C27B2AE17007ECF1B /* GoogleService-Info.plist */,
				A52783E927B2AD38007ECF1B /* Preview Content */,
				A527842F27B2B567007ECF1B /* Constants.swift */,
				A5C139B027B32FDB003225B5 /* Colors.swift */,
			);
			path = Contaxt;
			sourceTree = "<group>";
		};
		A52783E927B2AD38007ECF1B /* Preview Content */ = {
			isa = PBXGroup;
			children = (
				A52783EA27B2AD38007ECF1B /* Preview Assets.xcassets */,
			);
			path = "Preview Content";
			sourceTree = "<group>";
		};
		A52783F227B2AD38007ECF1B /* Contaxt WatchKit App */ = {
			isa = PBXGroup;
			children = (
				A52783F327B2AD39007ECF1B /* Assets.xcassets */,
			);
			path = "Contaxt WatchKit App";
			sourceTree = "<group>";
		};
		A52783FD27B2AD39007ECF1B /* Contaxt WatchKit Extension */ = {
			isa = PBXGroup;
			children = (
				A52783FE27B2AD39007ECF1B /* ContaxtApp.swift */,
				A527840027B2AD39007ECF1B /* ContentView.swift */,
				A527840227B2AD39007ECF1B /* NotificationController.swift */,
				A527840427B2AD39007ECF1B /* NotificationView.swift */,
				A527840627B2AD39007ECF1B /* ComplicationController.swift */,
				A527840827B2AD3A007ECF1B /* Assets.xcassets */,
				A527840D27B2AD3A007ECF1B /* Info.plist */,
				A527840E27B2AD3A007ECF1B /* PushNotificationPayload.apns */,
				A527840A27B2AD3A007ECF1B /* Preview Content */,
			);
			path = "Contaxt WatchKit Extension";
			sourceTree = "<group>";
		};
		A527840A27B2AD3A007ECF1B /* Preview Content */ = {
			isa = PBXGroup;
			children = (
				A527840B27B2AD3A007ECF1B /* Preview Assets.xcassets */,
			);
			path = "Preview Content";
			sourceTree = "<group>";
		};
		A527842827B2B2F1007ECF1B /* Model */ = {
			isa = PBXGroup;
			children = (
				A527842D27B2B51F007ECF1B /* UserType.swift */,
				A5C5F4B427B3442800B44D3B /* UserData.swift */,
				A5C5F4B227B3441D00B44D3B /* LocalPersistence.swift */,
				A5C139B227B33274003225B5 /* ButtonType.swift */,
				A5C5F4B827B3481200B44D3B /* SensorData.swift */,
			);
			path = Model;
			sourceTree = "<group>";
		};
		A527842927B2B2F7007ECF1B /* ViewModel */ = {
			isa = PBXGroup;
			children = (
				A5C5F4BA27B34D6500B44D3B /* Common */,
				A5C139A827B2FC1D003225B5 /* Login */,
				A527842B27B2B472007ECF1B /* ContentViewModel.swift */,
			);
			path = ViewModel;
			sourceTree = "<group>";
		};
		A527842A27B2B30C007ECF1B /* View */ = {
			isa = PBXGroup;
			children = (
				A5C139AB27B32D01003225B5 /* Common */,
				A527843527B2B741007ECF1B /* Ref */,
				A527843427B2B73A007ECF1B /* Fan */,
				A527843327B2B72C007ECF1B /* Login */,
			);
			path = View;
			sourceTree = "<group>";
		};
		A527843327B2B72C007ECF1B /* Login */ = {
			isa = PBXGroup;
			children = (
				A527843127B2B6D5007ECF1B /* LoginView.swift */,
				A5C139AE27B32E5D003225B5 /* SignUpView.swift */,
			);
			path = Login;
			sourceTree = "<group>";
		};
		A527843427B2B73A007ECF1B /* Fan */ = {
			isa = PBXGroup;
			children = (
				A527843727B2B767007ECF1B /* FanHomeView.swift */,
			);
			path = Fan;
			sourceTree = "<group>";
		};
		A527843527B2B741007ECF1B /* Ref */ = {
			isa = PBXGroup;
			children = (
				A527843927B2B771007ECF1B /* RefHomeView.swift */,
			);
			path = Ref;
			sourceTree = "<group>";
		};
		A5C139A827B2FC1D003225B5 /* Login */ = {
			isa = PBXGroup;
			children = (
				A5C139A927B2FC3C003225B5 /* LoginViewModel.swift */,
			);
			path = Login;
			sourceTree = "<group>";
		};
		A5C139AB27B32D01003225B5 /* Common */ = {
			isa = PBXGroup;
			children = (
				A5C139AC27B32D14003225B5 /* ButtonView.swift */,
				A5C5F4BD27B34D8B00B44D3B /* RecentDataListView.swift */,
			);
			path = Common;
			sourceTree = "<group>";
		};
		A5C5F4BA27B34D6500B44D3B /* Common */ = {
			isa = PBXGroup;
			children = (
				A5C5F4BB27B34D7600B44D3B /* RecentDataListViewModel.swift */,
			);
			path = Common;
			sourceTree = "<group>";
		};
/* End PBXGroup section */

/* Begin PBXNativeTarget section */
		A52783DF27B2AD38007ECF1B /* Contaxt */ = {
			isa = PBXNativeTarget;
			buildConfigurationList = A527841927B2AD3A007ECF1B /* Build configuration list for PBXNativeTarget "Contaxt" */;
			buildPhases = (
				A52783DC27B2AD38007ECF1B /* Sources */,
				A52783DD27B2AD38007ECF1B /* Frameworks */,
				A52783DE27B2AD38007ECF1B /* Resources */,
				A527841827B2AD3A007ECF1B /* Embed Watch Content */,
			);
			buildRules = (
			);
			dependencies = (
				A52783F127B2AD38007ECF1B /* PBXTargetDependency */,
			);
			name = Contaxt;
			packageProductDependencies = (
				A527841F27B2AF4D007ECF1B /* FirebaseAnalytics */,
				A527842127B2AF4D007ECF1B /* FirebaseAuth */,
				A527842327B2AF4D007ECF1B /* FirebaseFirestore */,
				A527842527B2AF4D007ECF1B /* FirebaseFirestoreSwift-Beta */,
			);
			productName = Contaxt;
			productReference = A52783E027B2AD38007ECF1B /* Contaxt.app */;
			productType = "com.apple.product-type.application";
		};
		A52783ED27B2AD38007ECF1B /* Contaxt WatchKit App */ = {
			isa = PBXNativeTarget;
			buildConfigurationList = A527841527B2AD3A007ECF1B /* Build configuration list for PBXNativeTarget "Contaxt WatchKit App" */;
			buildPhases = (
				A52783EC27B2AD38007ECF1B /* Resources */,
				A527841427B2AD3A007ECF1B /* Embed App Extensions */,
			);
			buildRules = (
			);
			dependencies = (
				A52783FC27B2AD39007ECF1B /* PBXTargetDependency */,
			);
			name = "Contaxt WatchKit App";
			productName = "Contaxt WatchKit App";
			productReference = A52783EE27B2AD38007ECF1B /* Contaxt WatchKit App.app */;
			productType = "com.apple.product-type.application.watchapp2";
		};
		A52783F827B2AD39007ECF1B /* Contaxt WatchKit Extension */ = {
			isa = PBXNativeTarget;
			buildConfigurationList = A527841127B2AD3A007ECF1B /* Build configuration list for PBXNativeTarget "Contaxt WatchKit Extension" */;
			buildPhases = (
				A52783F527B2AD39007ECF1B /* Sources */,
				A52783F627B2AD39007ECF1B /* Frameworks */,
				A52783F727B2AD39007ECF1B /* Resources */,
			);
			buildRules = (
			);
			dependencies = (
			);
			name = "Contaxt WatchKit Extension";
			productName = "Contaxt WatchKit Extension";
			productReference = A52783F927B2AD39007ECF1B /* Contaxt WatchKit Extension.appex */;
			productType = "com.apple.product-type.watchkit2-extension";
		};
/* End PBXNativeTarget section */

/* Begin PBXProject section */
		A52783D827B2AD38007ECF1B /* Project object */ = {
			isa = PBXProject;
			attributes = {
				BuildIndependentTargetsInParallel = 1;
				LastSwiftUpdateCheck = 1310;
				LastUpgradeCheck = 1310;
				TargetAttributes = {
					A52783DF27B2AD38007ECF1B = {
						CreatedOnToolsVersion = 13.1;
					};
					A52783ED27B2AD38007ECF1B = {
						CreatedOnToolsVersion = 13.1;
					};
					A52783F827B2AD39007ECF1B = {
						CreatedOnToolsVersion = 13.1;
					};
				};
			};
			buildConfigurationList = A52783DB27B2AD38007ECF1B /* Build configuration list for PBXProject "Contaxt" */;
			compatibilityVersion = "Xcode 13.0";
			developmentRegion = en;
			hasScannedForEncodings = 0;
			knownRegions = (
				en,
				Base,
			);
			mainGroup = A52783D727B2AD38007ECF1B;
			packageReferences = (
				A527841E27B2AF4D007ECF1B /* XCRemoteSwiftPackageReference "firebase-ios-sdk" */,
			);
			productRefGroup = A52783E127B2AD38007ECF1B /* Products */;
			projectDirPath = "";
			projectRoot = "";
			targets = (
				A52783DF27B2AD38007ECF1B /* Contaxt */,
				A52783ED27B2AD38007ECF1B /* Contaxt WatchKit App */,
				A52783F827B2AD39007ECF1B /* Contaxt WatchKit Extension */,
			);
		};
/* End PBXProject section */

/* Begin PBXResourcesBuildPhase section */
		A52783DE27B2AD38007ECF1B /* Resources */ = {
			isa = PBXResourcesBuildPhase;
			buildActionMask = 2147483647;
			files = (
				A52783EB27B2AD38007ECF1B /* Preview Assets.xcassets in Resources */,
				A52783E827B2AD38007ECF1B /* Assets.xcassets in Resources */,
				A527841D27B2AE17007ECF1B /* GoogleService-Info.plist in Resources */,
			);
			runOnlyForDeploymentPostprocessing = 0;
		};
		A52783EC27B2AD38007ECF1B /* Resources */ = {
			isa = PBXResourcesBuildPhase;
			buildActionMask = 2147483647;
			files = (
				A52783F427B2AD39007ECF1B /* Assets.xcassets in Resources */,
			);
			runOnlyForDeploymentPostprocessing = 0;
		};
		A52783F727B2AD39007ECF1B /* Resources */ = {
			isa = PBXResourcesBuildPhase;
			buildActionMask = 2147483647;
			files = (
				A527840C27B2AD3A007ECF1B /* Preview Assets.xcassets in Resources */,
				A527840927B2AD3A007ECF1B /* Assets.xcassets in Resources */,
			);
			runOnlyForDeploymentPostprocessing = 0;
		};
/* End PBXResourcesBuildPhase section */

/* Begin PBXSourcesBuildPhase section */
		A52783DC27B2AD38007ECF1B /* Sources */ = {
			isa = PBXSourcesBuildPhase;
			buildActionMask = 2147483647;
			files = (
				A527843027B2B567007ECF1B /* Constants.swift in Sources */,
				A5C139B327B33274003225B5 /* ButtonType.swift in Sources */,
				A527842C27B2B472007ECF1B /* ContentViewModel.swift in Sources */,
				A5C5F4B927B3481200B44D3B /* SensorData.swift in Sources */,
				A5C5F4B527B3442800B44D3B /* UserData.swift in Sources */,
				A5C139AD27B32D14003225B5 /* ButtonView.swift in Sources */,
				A52783E627B2AD38007ECF1B /* ContentView.swift in Sources */,
				A5C5F4BC27B34D7600B44D3B /* RecentDataListViewModel.swift in Sources */,
				A5C5F4B327B3441D00B44D3B /* LocalPersistence.swift in Sources */,
				A5C5F4BE27B34D8B00B44D3B /* RecentDataListView.swift in Sources */,
				A527842E27B2B51F007ECF1B /* UserType.swift in Sources */,
				A5C139AF27B32E5D003225B5 /* SignUpView.swift in Sources */,
				A527843827B2B767007ECF1B /* FanHomeView.swift in Sources */,
				A5C139B127B32FDB003225B5 /* Colors.swift in Sources */,
				A527843A27B2B771007ECF1B /* RefHomeView.swift in Sources */,
				A527843227B2B6D5007ECF1B /* LoginView.swift in Sources */,
				A52783E427B2AD38007ECF1B /* ContaxtApp.swift in Sources */,
				A5C139AA27B2FC3C003225B5 /* LoginViewModel.swift in Sources */,
			);
			runOnlyForDeploymentPostprocessing = 0;
		};
		A52783F527B2AD39007ECF1B /* Sources */ = {
			isa = PBXSourcesBuildPhase;
			buildActionMask = 2147483647;
			files = (
				A527840327B2AD39007ECF1B /* NotificationController.swift in Sources */,
				A527840127B2AD39007ECF1B /* ContentView.swift in Sources */,
				A527840727B2AD39007ECF1B /* ComplicationController.swift in Sources */,
				A52783FF27B2AD39007ECF1B /* ContaxtApp.swift in Sources */,
				A527840527B2AD39007ECF1B /* NotificationView.swift in Sources */,
			);
			runOnlyForDeploymentPostprocessing = 0;
		};
/* End PBXSourcesBuildPhase section */

/* Begin PBXTargetDependency section */
		A52783F127B2AD38007ECF1B /* PBXTargetDependency */ = {
			isa = PBXTargetDependency;
			target = A52783ED27B2AD38007ECF1B /* Contaxt WatchKit App */;
			targetProxy = A52783F027B2AD38007ECF1B /* PBXContainerItemProxy */;
		};
		A52783FC27B2AD39007ECF1B /* PBXTargetDependency */ = {
			isa = PBXTargetDependency;
			target = A52783F827B2AD39007ECF1B /* Contaxt WatchKit Extension */;
			targetProxy = A52783FB27B2AD39007ECF1B /* PBXContainerItemProxy */;
		};
/* End PBXTargetDependency section */

/* Begin XCBuildConfiguration section */
		A527840F27B2AD3A007ECF1B /* Debug */ = {
			isa = XCBuildConfiguration;
			buildSettings = {
				ALWAYS_SEARCH_USER_PATHS = NO;
				CLANG_ANALYZER_NONNULL = YES;
				CLANG_ANALYZER_NUMBER_OBJECT_CONVERSION = YES_AGGRESSIVE;
				CLANG_CXX_LANGUAGE_STANDARD = "gnu++17";
				CLANG_CXX_LIBRARY = "libc++";
				CLANG_ENABLE_MODULES = YES;
				CLANG_ENABLE_OBJC_ARC = YES;
				CLANG_ENABLE_OBJC_WEAK = YES;
				CLANG_WARN_BLOCK_CAPTURE_AUTORELEASING = YES;
				CLANG_WARN_BOOL_CONVERSION = YES;
				CLANG_WARN_COMMA = YES;
				CLANG_WARN_CONSTANT_CONVERSION = YES;
				CLANG_WARN_DEPRECATED_OBJC_IMPLEMENTATIONS = YES;
				CLANG_WARN_DIRECT_OBJC_ISA_USAGE = YES_ERROR;
				CLANG_WARN_DOCUMENTATION_COMMENTS = YES;
				CLANG_WARN_EMPTY_BODY = YES;
				CLANG_WARN_ENUM_CONVERSION = YES;
				CLANG_WARN_INFINITE_RECURSION = YES;
				CLANG_WARN_INT_CONVERSION = YES;
				CLANG_WARN_NON_LITERAL_NULL_CONVERSION = YES;
				CLANG_WARN_OBJC_IMPLICIT_RETAIN_SELF = YES;
				CLANG_WARN_OBJC_LITERAL_CONVERSION = YES;
				CLANG_WARN_OBJC_ROOT_CLASS = YES_ERROR;
				CLANG_WARN_QUOTED_INCLUDE_IN_FRAMEWORK_HEADER = YES;
				CLANG_WARN_RANGE_LOOP_ANALYSIS = YES;
				CLANG_WARN_STRICT_PROTOTYPES = YES;
				CLANG_WARN_SUSPICIOUS_MOVE = YES;
				CLANG_WARN_UNGUARDED_AVAILABILITY = YES_AGGRESSIVE;
				CLANG_WARN_UNREACHABLE_CODE = YES;
				CLANG_WARN__DUPLICATE_METHOD_MATCH = YES;
				COPY_PHASE_STRIP = NO;
				DEBUG_INFORMATION_FORMAT = dwarf;
				ENABLE_STRICT_OBJC_MSGSEND = YES;
				ENABLE_TESTABILITY = YES;
				GCC_C_LANGUAGE_STANDARD = gnu11;
				GCC_DYNAMIC_NO_PIC = NO;
				GCC_NO_COMMON_BLOCKS = YES;
				GCC_OPTIMIZATION_LEVEL = 0;
				GCC_PREPROCESSOR_DEFINITIONS = (
					"DEBUG=1",
					"$(inherited)",
				);
				GCC_WARN_64_TO_32_BIT_CONVERSION = YES;
				GCC_WARN_ABOUT_RETURN_TYPE = YES_ERROR;
				GCC_WARN_UNDECLARED_SELECTOR = YES;
				GCC_WARN_UNINITIALIZED_AUTOS = YES_AGGRESSIVE;
				GCC_WARN_UNUSED_FUNCTION = YES;
				GCC_WARN_UNUSED_VARIABLE = YES;
				MTL_ENABLE_DEBUG_INFO = INCLUDE_SOURCE;
				MTL_FAST_MATH = YES;
				ONLY_ACTIVE_ARCH = YES;
				SWIFT_ACTIVE_COMPILATION_CONDITIONS = DEBUG;
				SWIFT_OPTIMIZATION_LEVEL = "-Onone";
			};
			name = Debug;
		};
		A527841027B2AD3A007ECF1B /* Release */ = {
			isa = XCBuildConfiguration;
			buildSettings = {
				ALWAYS_SEARCH_USER_PATHS = NO;
				CLANG_ANALYZER_NONNULL = YES;
				CLANG_ANALYZER_NUMBER_OBJECT_CONVERSION = YES_AGGRESSIVE;
				CLANG_CXX_LANGUAGE_STANDARD = "gnu++17";
				CLANG_CXX_LIBRARY = "libc++";
				CLANG_ENABLE_MODULES = YES;
				CLANG_ENABLE_OBJC_ARC = YES;
				CLANG_ENABLE_OBJC_WEAK = YES;
				CLANG_WARN_BLOCK_CAPTURE_AUTORELEASING = YES;
				CLANG_WARN_BOOL_CONVERSION = YES;
				CLANG_WARN_COMMA = YES;
				CLANG_WARN_CONSTANT_CONVERSION = YES;
				CLANG_WARN_DEPRECATED_OBJC_IMPLEMENTATIONS = YES;
				CLANG_WARN_DIRECT_OBJC_ISA_USAGE = YES_ERROR;
				CLANG_WARN_DOCUMENTATION_COMMENTS = YES;
				CLANG_WARN_EMPTY_BODY = YES;
				CLANG_WARN_ENUM_CONVERSION = YES;
				CLANG_WARN_INFINITE_RECURSION = YES;
				CLANG_WARN_INT_CONVERSION = YES;
				CLANG_WARN_NON_LITERAL_NULL_CONVERSION = YES;
				CLANG_WARN_OBJC_IMPLICIT_RETAIN_SELF = YES;
				CLANG_WARN_OBJC_LITERAL_CONVERSION = YES;
				CLANG_WARN_OBJC_ROOT_CLASS = YES_ERROR;
				CLANG_WARN_QUOTED_INCLUDE_IN_FRAMEWORK_HEADER = YES;
				CLANG_WARN_RANGE_LOOP_ANALYSIS = YES;
				CLANG_WARN_STRICT_PROTOTYPES = YES;
				CLANG_WARN_SUSPICIOUS_MOVE = YES;
				CLANG_WARN_UNGUARDED_AVAILABILITY = YES_AGGRESSIVE;
				CLANG_WARN_UNREACHABLE_CODE = YES;
				CLANG_WARN__DUPLICATE_METHOD_MATCH = YES;
				COPY_PHASE_STRIP = NO;
				DEBUG_INFORMATION_FORMAT = "dwarf-with-dsym";
				ENABLE_NS_ASSERTIONS = NO;
				ENABLE_STRICT_OBJC_MSGSEND = YES;
				GCC_C_LANGUAGE_STANDARD = gnu11;
				GCC_NO_COMMON_BLOCKS = YES;
				GCC_WARN_64_TO_32_BIT_CONVERSION = YES;
				GCC_WARN_ABOUT_RETURN_TYPE = YES_ERROR;
				GCC_WARN_UNDECLARED_SELECTOR = YES;
				GCC_WARN_UNINITIALIZED_AUTOS = YES_AGGRESSIVE;
				GCC_WARN_UNUSED_FUNCTION = YES;
				GCC_WARN_UNUSED_VARIABLE = YES;
				MTL_ENABLE_DEBUG_INFO = NO;
				MTL_FAST_MATH = YES;
				SWIFT_COMPILATION_MODE = wholemodule;
				SWIFT_OPTIMIZATION_LEVEL = "-O";
			};
			name = Release;
		};
		A527841227B2AD3A007ECF1B /* Debug */ = {
			isa = XCBuildConfiguration;
			buildSettings = {
				ASSETCATALOG_COMPILER_COMPLICATION_NAME = Complication;
				CODE_SIGN_STYLE = Automatic;
				CURRENT_PROJECT_VERSION = 1;
				DEVELOPMENT_ASSET_PATHS = "\"Contaxt WatchKit Extension/Preview Content\"";
				DEVELOPMENT_TEAM = MV8X7V947C;
				ENABLE_PREVIEWS = YES;
				GENERATE_INFOPLIST_FILE = YES;
				INFOPLIST_FILE = "Contaxt WatchKit Extension/Info.plist";
				INFOPLIST_KEY_CFBundleDisplayName = "Contaxt WatchKit Extension";
				INFOPLIST_KEY_CLKComplicationPrincipalClass = "$(PRODUCT_MODULE_NAME).ComplicationController";
				INFOPLIST_KEY_NSHumanReadableCopyright = "";
				INFOPLIST_KEY_WKRunsIndependentlyOfCompanionApp = YES;
				LD_RUNPATH_SEARCH_PATHS = (
					"$(inherited)",
					"@executable_path/Frameworks",
					"@executable_path/../../Frameworks",
				);
				MARKETING_VERSION = 1.0;
				PRODUCT_BUNDLE_IDENTIFIER = com.tinyhacktechnology.Contaxt.watchkitapp.watchkitextension;
				PRODUCT_NAME = "${TARGET_NAME}";
				SDKROOT = watchos;
				SKIP_INSTALL = YES;
				SWIFT_EMIT_LOC_STRINGS = YES;
				SWIFT_VERSION = 5.0;
				TARGETED_DEVICE_FAMILY = 4;
				WATCHOS_DEPLOYMENT_TARGET = 8.0;
			};
			name = Debug;
		};
		A527841327B2AD3A007ECF1B /* Release */ = {
			isa = XCBuildConfiguration;
			buildSettings = {
				ASSETCATALOG_COMPILER_COMPLICATION_NAME = Complication;
				CODE_SIGN_STYLE = Automatic;
				CURRENT_PROJECT_VERSION = 1;
				DEVELOPMENT_ASSET_PATHS = "\"Contaxt WatchKit Extension/Preview Content\"";
				DEVELOPMENT_TEAM = MV8X7V947C;
				ENABLE_PREVIEWS = YES;
				GENERATE_INFOPLIST_FILE = YES;
				INFOPLIST_FILE = "Contaxt WatchKit Extension/Info.plist";
				INFOPLIST_KEY_CFBundleDisplayName = "Contaxt WatchKit Extension";
				INFOPLIST_KEY_CLKComplicationPrincipalClass = "$(PRODUCT_MODULE_NAME).ComplicationController";
				INFOPLIST_KEY_NSHumanReadableCopyright = "";
				INFOPLIST_KEY_WKRunsIndependentlyOfCompanionApp = YES;
				LD_RUNPATH_SEARCH_PATHS = (
					"$(inherited)",
					"@executable_path/Frameworks",
					"@executable_path/../../Frameworks",
				);
				MARKETING_VERSION = 1.0;
				PRODUCT_BUNDLE_IDENTIFIER = com.tinyhacktechnology.Contaxt.watchkitapp.watchkitextension;
				PRODUCT_NAME = "${TARGET_NAME}";
				SDKROOT = watchos;
				SKIP_INSTALL = YES;
				SWIFT_EMIT_LOC_STRINGS = YES;
				SWIFT_VERSION = 5.0;
				TARGETED_DEVICE_FAMILY = 4;
				VALIDATE_PRODUCT = YES;
				WATCHOS_DEPLOYMENT_TARGET = 8.0;
			};
			name = Release;
		};
		A527841627B2AD3A007ECF1B /* Debug */ = {
			isa = XCBuildConfiguration;
			buildSettings = {
				ALWAYS_EMBED_SWIFT_STANDARD_LIBRARIES = YES;
				ASSETCATALOG_COMPILER_APPICON_NAME = AppIcon;
				ASSETCATALOG_COMPILER_GLOBAL_ACCENT_COLOR_NAME = AccentColor;
				CODE_SIGN_STYLE = Automatic;
				CURRENT_PROJECT_VERSION = 1;
				DEVELOPMENT_TEAM = MV8X7V947C;
				GENERATE_INFOPLIST_FILE = YES;
				IBSC_MODULE = Contaxt_WatchKit_Extension;
				INFOPLIST_KEY_CFBundleDisplayName = "Contaxt WatchKit App";
				INFOPLIST_KEY_UISupportedInterfaceOrientations = "UIInterfaceOrientationPortrait UIInterfaceOrientationPortraitUpsideDown";
				INFOPLIST_KEY_WKCompanionAppBundleIdentifier = com.tinyhacktechnology.Contaxt;
				MARKETING_VERSION = 1.0;
				PRODUCT_BUNDLE_IDENTIFIER = com.tinyhacktechnology.Contaxt.watchkitapp;
				PRODUCT_NAME = "$(TARGET_NAME)";
				SDKROOT = watchos;
				SKIP_INSTALL = YES;
				SWIFT_EMIT_LOC_STRINGS = YES;
				SWIFT_VERSION = 5.0;
				TARGETED_DEVICE_FAMILY = 4;
				WATCHOS_DEPLOYMENT_TARGET = 8.0;
			};
			name = Debug;
		};
		A527841727B2AD3A007ECF1B /* Release */ = {
			isa = XCBuildConfiguration;
			buildSettings = {
				ALWAYS_EMBED_SWIFT_STANDARD_LIBRARIES = YES;
				ASSETCATALOG_COMPILER_APPICON_NAME = AppIcon;
				ASSETCATALOG_COMPILER_GLOBAL_ACCENT_COLOR_NAME = AccentColor;
				CODE_SIGN_STYLE = Automatic;
				CURRENT_PROJECT_VERSION = 1;
				DEVELOPMENT_TEAM = MV8X7V947C;
				GENERATE_INFOPLIST_FILE = YES;
				IBSC_MODULE = Contaxt_WatchKit_Extension;
				INFOPLIST_KEY_CFBundleDisplayName = "Contaxt WatchKit App";
				INFOPLIST_KEY_UISupportedInterfaceOrientations = "UIInterfaceOrientationPortrait UIInterfaceOrientationPortraitUpsideDown";
				INFOPLIST_KEY_WKCompanionAppBundleIdentifier = com.tinyhacktechnology.Contaxt;
				MARKETING_VERSION = 1.0;
				PRODUCT_BUNDLE_IDENTIFIER = com.tinyhacktechnology.Contaxt.watchkitapp;
				PRODUCT_NAME = "$(TARGET_NAME)";
				SDKROOT = watchos;
				SKIP_INSTALL = YES;
				SWIFT_EMIT_LOC_STRINGS = YES;
				SWIFT_VERSION = 5.0;
				TARGETED_DEVICE_FAMILY = 4;
				VALIDATE_PRODUCT = YES;
				WATCHOS_DEPLOYMENT_TARGET = 8.0;
			};
			name = Release;
		};
		A527841A27B2AD3A007ECF1B /* Debug */ = {
			isa = XCBuildConfiguration;
			buildSettings = {
				ASSETCATALOG_COMPILER_APPICON_NAME = AppIcon;
				ASSETCATALOG_COMPILER_GLOBAL_ACCENT_COLOR_NAME = AccentColor;
				CODE_SIGN_STYLE = Automatic;
				CURRENT_PROJECT_VERSION = 1;
				DEVELOPMENT_ASSET_PATHS = "\"Contaxt/Preview Content\"";
				DEVELOPMENT_TEAM = MV8X7V947C;
				ENABLE_PREVIEWS = YES;
				GENERATE_INFOPLIST_FILE = YES;
				INFOPLIST_FILE = Contaxt/Info.plist;
				INFOPLIST_KEY_UIApplicationSceneManifest_Generation = YES;
				INFOPLIST_KEY_UIApplicationSupportsIndirectInputEvents = YES;
				INFOPLIST_KEY_UISupportedInterfaceOrientations_iPad = "UIInterfaceOrientationPortrait UIInterfaceOrientationPortraitUpsideDown UIInterfaceOrientationLandscapeLeft UIInterfaceOrientationLandscapeRight";
				INFOPLIST_KEY_UISupportedInterfaceOrientations_iPhone = "UIInterfaceOrientationPortrait UIInterfaceOrientationLandscapeLeft UIInterfaceOrientationLandscapeRight";
				IPHONEOS_DEPLOYMENT_TARGET = 15.0;
				LD_RUNPATH_SEARCH_PATHS = (
					"$(inherited)",
					"@executable_path/Frameworks",
				);
				MARKETING_VERSION = 1.0;
				PRODUCT_BUNDLE_IDENTIFIER = com.tinyhacktechnology.Contaxt;
				PRODUCT_NAME = "$(TARGET_NAME)";
				SDKROOT = iphoneos;
				SWIFT_EMIT_LOC_STRINGS = YES;
				SWIFT_VERSION = 5.0;
				TARGETED_DEVICE_FAMILY = 1;
			};
			name = Debug;
		};
		A527841B27B2AD3A007ECF1B /* Release */ = {
			isa = XCBuildConfiguration;
			buildSettings = {
				ASSETCATALOG_COMPILER_APPICON_NAME = AppIcon;
				ASSETCATALOG_COMPILER_GLOBAL_ACCENT_COLOR_NAME = AccentColor;
				CODE_SIGN_STYLE = Automatic;
				CURRENT_PROJECT_VERSION = 1;
				DEVELOPMENT_ASSET_PATHS = "\"Contaxt/Preview Content\"";
				DEVELOPMENT_TEAM = MV8X7V947C;
				ENABLE_PREVIEWS = YES;
				GENERATE_INFOPLIST_FILE = YES;
				INFOPLIST_FILE = Contaxt/Info.plist;
				INFOPLIST_KEY_UIApplicationSceneManifest_Generation = YES;
				INFOPLIST_KEY_UIApplicationSupportsIndirectInputEvents = YES;
				INFOPLIST_KEY_UISupportedInterfaceOrientations_iPad = "UIInterfaceOrientationPortrait UIInterfaceOrientationPortraitUpsideDown UIInterfaceOrientationLandscapeLeft UIInterfaceOrientationLandscapeRight";
				INFOPLIST_KEY_UISupportedInterfaceOrientations_iPhone = "UIInterfaceOrientationPortrait UIInterfaceOrientationLandscapeLeft UIInterfaceOrientationLandscapeRight";
				IPHONEOS_DEPLOYMENT_TARGET = 15.0;
				LD_RUNPATH_SEARCH_PATHS = (
					"$(inherited)",
					"@executable_path/Frameworks",
				);
				MARKETING_VERSION = 1.0;
				PRODUCT_BUNDLE_IDENTIFIER = com.tinyhacktechnology.Contaxt;
				PRODUCT_NAME = "$(TARGET_NAME)";
				SDKROOT = iphoneos;
				SWIFT_EMIT_LOC_STRINGS = YES;
				SWIFT_VERSION = 5.0;
				TARGETED_DEVICE_FAMILY = 1;
				VALIDATE_PRODUCT = YES;
			};
			name = Release;
		};
/* End XCBuildConfiguration section */

/* Begin XCConfigurationList section */
		A52783DB27B2AD38007ECF1B /* Build configuration list for PBXProject "Contaxt" */ = {
			isa = XCConfigurationList;
			buildConfigurations = (
				A527840F27B2AD3A007ECF1B /* Debug */,
				A527841027B2AD3A007ECF1B /* Release */,
			);
			defaultConfigurationIsVisible = 0;
			defaultConfigurationName = Release;
		};
		A527841127B2AD3A007ECF1B /* Build configuration list for PBXNativeTarget "Contaxt WatchKit Extension" */ = {
			isa = XCConfigurationList;
			buildConfigurations = (
				A527841227B2AD3A007ECF1B /* Debug */,
				A527841327B2AD3A007ECF1B /* Release */,
			);
			defaultConfigurationIsVisible = 0;
			defaultConfigurationName = Release;
		};
		A527841527B2AD3A007ECF1B /* Build configuration list for PBXNativeTarget "Contaxt WatchKit App" */ = {
			isa = XCConfigurationList;
			buildConfigurations = (
				A527841627B2AD3A007ECF1B /* Debug */,
				A527841727B2AD3A007ECF1B /* Release */,
			);
			defaultConfigurationIsVisible = 0;
			defaultConfigurationName = Release;
		};
		A527841927B2AD3A007ECF1B /* Build configuration list for PBXNativeTarget "Contaxt" */ = {
			isa = XCConfigurationList;
			buildConfigurations = (
				A527841A27B2AD3A007ECF1B /* Debug */,
				A527841B27B2AD3A007ECF1B /* Release */,
			);
			defaultConfigurationIsVisible = 0;
			defaultConfigurationName = Release;
		};
/* End XCConfigurationList section */

/* Begin XCRemoteSwiftPackageReference section */
		A527841E27B2AF4D007ECF1B /* XCRemoteSwiftPackageReference "firebase-ios-sdk" */ = {
			isa = XCRemoteSwiftPackageReference;
			repositoryURL = "https://github.com/firebase/firebase-ios-sdk";
			requirement = {
				kind = upToNextMajorVersion;
				minimumVersion = 8.0.0;
			};
		};
/* End XCRemoteSwiftPackageReference section */

/* Begin XCSwiftPackageProductDependency section */
		A527841F27B2AF4D007ECF1B /* FirebaseAnalytics */ = {
			isa = XCSwiftPackageProductDependency;
			package = A527841E27B2AF4D007ECF1B /* XCRemoteSwiftPackageReference "firebase-ios-sdk" */;
			productName = FirebaseAnalytics;
		};
		A527842127B2AF4D007ECF1B /* FirebaseAuth */ = {
			isa = XCSwiftPackageProductDependency;
			package = A527841E27B2AF4D007ECF1B /* XCRemoteSwiftPackageReference "firebase-ios-sdk" */;
			productName = FirebaseAuth;
		};
		A527842327B2AF4D007ECF1B /* FirebaseFirestore */ = {
			isa = XCSwiftPackageProductDependency;
			package = A527841E27B2AF4D007ECF1B /* XCRemoteSwiftPackageReference "firebase-ios-sdk" */;
			productName = FirebaseFirestore;
		};
		A527842527B2AF4D007ECF1B /* FirebaseFirestoreSwift-Beta */ = {
			isa = XCSwiftPackageProductDependency;
			package = A527841E27B2AF4D007ECF1B /* XCRemoteSwiftPackageReference "firebase-ios-sdk" */;
			productName = "FirebaseFirestoreSwift-Beta";
		};
/* End XCSwiftPackageProductDependency section */
	};
	rootObject = A52783D827B2AD38007ECF1B /* Project object */;
}
